
Microsoft Visual Studio Solution File, Format Version 12.00
# Visual Studio Version 17
VisualStudioVersion = 17.0.31903.59
MinimumVisualStudioVersion = 10.0.40219.1
Project("{2150E333-8FDC-42A3-9474-1A3956D46DE8}") = "src", "src", "{827E0CD3-B72D-47B6-A68D-7590B98EB39B}"
EndProject
Project("{FAE04EC0-301F-11D3-BF4B-00C04F79EFBC}") = "MovieApp.Domain", "src\MovieApp.Domain\MovieApp.Domain.csproj", "{079A94BE-275D-4944-AC90-50093FA3BB23}"
EndProject
Project("{FAE04EC0-301F-11D3-BF4B-00C04F79EFBC}") = "MovieApp.Application", "src\MovieApp.Application\MovieApp.Application.csproj", "{78507ACB-0ABB-428A-BFF0-346A6AF08957}"
EndProject
Project("{FAE04EC0-301F-11D3-BF4B-00C04F79EFBC}") = "MovieApp.Contracts", "src\MovieApp.Contracts\MovieApp.Contracts.csproj", "{81B0F86D-7DAC-47F0-BFEA-D314EAAD1494}"
EndProject
Project("{FAE04EC0-301F-11D3-BF4B-00C04F79EFBC}") = "MovieApp.Infrastructure", "src\MovieApp.Infrastructure\MovieApp.Infrastructure.csproj", "{16E307B2-7717-4FC3-9FB2-1FFCD819D48E}"
EndProject
Project("{FAE04EC0-301F-11D3-BF4B-00C04F79EFBC}") = "MovieApp.Api", "src\MovieApp.Api\MovieApp.Api.csproj", "{CC514E18-A09C-42A1-926A-6589B63B4511}"
EndProject
Project("{2150E333-8FDC-42A3-9474-1A3956D46DE8}") = "tests", "tests", "{0AB3BF05-4346-4AA6-1389-037BE0695223}"
EndProject
Project("{FAE04EC0-301F-11D3-BF4B-00C04F79EFBC}") = "MovieApp.UnitTests", "tests\MovieApp.UnitTests\MovieApp.UnitTests.csproj", "{9225320E-1A6D-4AE2-AFF3-65A3B7943536}"
EndProject
Project("{FAE04EC0-301F-11D3-BF4B-00C04F79EFBC}") = "MovieApp.IntegrationTests", "tests\MovieApp.IntegrationTests\MovieApp.IntegrationTests.csproj", "{3C2038D4-D74E-4626-9830-267DB426C73B}"
EndProject
Project("{FAE04EC0-301F-11D3-BF4B-00C04F79EFBC}") = "MovieApp.LoadTests", "tests\MovieApp.LoadTests\MovieApp.LoadTests.csproj", "{1F3F08A0-B974-496C-B954-F1FA0469A6FB}"
EndProject
Project("{2150E333-8FDC-42A3-9474-1A3956D46DE8}") = "load", "load", "{C758EBF9-8BAE-00CC-2D4F-8BB514476281}"
EndProject
Project("{2150E333-8FDC-42A3-9474-1A3956D46DE8}") = "tools", "tools", "{DC9EF446-DB8D-C5B8-D5EA-A5A0ADF7CA1C}"
EndProject
Project("{FAE04EC0-301F-11D3-BF4B-00C04F79EFBC}") = "LoadTestIdentityProvisioner", "tests\load\tools\LoadTestIdentityProvisioner\LoadTestIdentityProvisioner.csproj", "{33B6A79A-A959-4CEC-9F5A-FA2F39983B81}"
EndProject
Project("{FAE04EC0-301F-11D3-BF4B-00C04F79EFBC}") = "LoadTestIdentityProvisioner.Tests", "tests\load\tools\LoadTestIdentityProvisioner.Tests\LoadTestIdentityProvisioner.Tests.csproj", "{94295FA1-2526-45CD-8586-7571D10CCD9C}"
EndProject
Project("{2150E333-8FDC-42A3-9474-1A3956D46DE8}") = "tools", "tools", "{07C2787E-EAC7-C090-1BA3-A61EC2A24D84}"
EndProject
Project("{FAE04EC0-301F-11D3-BF4B-00C04F79EFBC}") = "ContentSearchTitleOps", "tools\ContentSearchTitleOps\ContentSearchTitleOps.csproj", "{2633600C-737D-4B2C-B9E6-D46660014F50}"
EndProject
Global
	GlobalSection(SolutionConfigurationPlatforms) = preSolution
		Debug|Any CPU = Debug|Any CPU
		Debug|x64 = Debug|x64
		Debug|x86 = Debug|x86
		Release|Any CPU = Release|Any CPU
		Release|x64 = Release|x64
		Release|x86 = Release|x86
	EndGlobalSection
	GlobalSection(ProjectConfigurationPlatforms) = postSolution
		{079A94BE-275D-4944-AC90-50093FA3BB23}.Debug|Any CPU.ActiveCfg = Debug|Any CPU
		{079A94BE-275D-4944-AC90-50093FA3BB23}.Debug|Any CPU.Build.0 = Debug|Any CPU
		{079A94BE-275D-4944-AC90-50093FA3BB23}.Debug|x64.ActiveCfg = Debug|Any CPU
		{079A94BE-275D-4944-AC90-50093FA3BB23}.Debug|x64.Build.0 = Debug|Any CPU
		{079A94BE-275D-4944-AC90-50093FA3BB23}.Debug|x86.ActiveCfg = Debug|Any CPU
		{079A94BE-275D-4944-AC90-50093FA3BB23}.Debug|x86.Build.0 = Debug|Any CPU
		{079A94BE-275D-4944-AC90-50093FA3BB23}.Release|Any CPU.ActiveCfg = Release|Any CPU
		{079A94BE-275D-4944-AC90-50093FA3BB23}.Release|Any CPU.Build.0 = Release|Any CPU
		{079A94BE-275D-4944-AC90-50093FA3BB23}.Release|x64.ActiveCfg = Release|Any CPU
		{079A94BE-275D-4944-AC90-50093FA3BB23}.Release|x64.Build.0 = Release|Any CPU
		{079A94BE-275D-4944-AC90-50093FA3BB23}.Release|x86.ActiveCfg = Release|Any CPU
		{079A94BE-275D-4944-AC90-50093FA3BB23}.Release|x86.Build.0 = Release|Any CPU
		{78507ACB-0ABB-428A-BFF0-346A6AF08957}.Debug|Any CPU.ActiveCfg = Debug|Any CPU
		{78507ACB-0ABB-428A-BFF0-346A6AF08957}.Debug|Any CPU.Build.0 = Debug|Any CPU
		{78507ACB-0ABB-428A-BFF0-346A6AF08957}.Debug|x64.ActiveCfg = Debug|Any CPU
		{78507ACB-0ABB-428A-BFF0-346A6AF08957}.Debug|x64.Build.0 = Debug|Any CPU
		{78507ACB-0ABB-428A-BFF0-346A6AF08957}.Debug|x86.ActiveCfg = Debug|Any CPU
		{78507ACB-0ABB-428A-BFF0-346A6AF08957}.Debug|x86.Build.0 = Debug|Any CPU
		{78507ACB-0ABB-428A-BFF0-346A6AF08957}.Release|Any CPU.ActiveCfg = Release|Any CPU
		{78507ACB-0ABB-428A-BFF0-346A6AF08957}.Release|Any CPU.Build.0 = Release|Any CPU
		{78507ACB-0ABB-428A-BFF0-346A6AF08957}.Release|x64.ActiveCfg = Release|Any CPU
		{78507ACB-0ABB-428A-BFF0-346A6AF08957}.Release|x64.Build.0 = Release|Any CPU
		{78507ACB-0ABB-428A-BFF0-346A6AF08957}.Release|x86.ActiveCfg = Release|Any CPU
		{78507ACB-0ABB-428A-BFF0-346A6AF08957}.Release|x86.Build.0 = Release|Any CPU
		{81B0F86D-7DAC-47F0-BFEA-D314EAAD1494}.Debug|Any CPU.ActiveCfg = Debug|Any CPU
		{81B0F86D-7DAC-47F0-BFEA-D314EAAD1494}.Debug|Any CPU.Build.0 = Debug|Any CPU
		{81B0F86D-7DAC-47F0-BFEA-D314EAAD1494}.Debug|x64.ActiveCfg = Debug|Any CPU
		{81B0F86D-7DAC-47F0-BFEA-D314EAAD1494}.Debug|x64.Build.0 = Debug|Any CPU
		{81B0F86D-7DAC-47F0-BFEA-D314EAAD1494}.Debug|x86.ActiveCfg = Debug|Any CPU
		{81B0F86D-7DAC-47F0-BFEA-D314EAAD1494}.Debug|x86.Build.0 = Debug|Any CPU
		{81B0F86D-7DAC-47F0-BFEA-D314EAAD1494}.Release|Any CPU.ActiveCfg = Release|Any CPU
		{81B0F86D-7DAC-47F0-BFEA-D314EAAD1494}.Release|Any CPU.Build.0 = Release|Any CPU
		{81B0F86D-7DAC-47F0-BFEA-D314EAAD1494}.Release|x64.ActiveCfg = Release|Any CPU
		{81B0F86D-7DAC-47F0-BFEA-D314EAAD1494}.Release|x64.Build.0 = Release|Any CPU
		{81B0F86D-7DAC-47F0-BFEA-D314EAAD1494}.Release|x86.ActiveCfg = Release|Any CPU
		{81B0F86D-7DAC-47F0-BFEA-D314EAAD1494}.Release|x86.Build.0 = Release|Any CPU
		{16E307B2-7717-4FC3-9FB2-1FFCD819D48E}.Debug|Any CPU.ActiveCfg = Debug|Any CPU
		{16E307B2-7717-4FC3-9FB2-1FFCD819D48E}.Debug|Any CPU.Build.0 = Debug|Any CPU
		{16E307B2-7717-4FC3-9FB2-1FFCD819D48E}.Debug|x64.ActiveCfg = Debug|Any CPU
		{16E307B2-7717-4FC3-9FB2-1FFCD819D48E}.Debug|x64.Build.0 = Debug|Any CPU
		{16E307B2-7717-4FC3-9FB2-1FFCD819D48E}.Debug|x86.ActiveCfg = Debug|Any CPU
		{16E307B2-7717-4FC3-9FB2-1FFCD819D48E}.Debug|x86.Build.0 = Debug|Any CPU
		{16E307B2-7717-4FC3-9FB2-1FFCD819D48E}.Release|Any CPU.ActiveCfg = Release|Any CPU
		{16E307B2-7717-4FC3-9FB2-1FFCD819D48E}.Release|Any CPU.Build.0 = Release|Any CPU
		{16E307B2-7717-4FC3-9FB2-1FFCD819D48E}.Release|x64.ActiveCfg = Release|Any CPU
		{16E307B2-7717-4FC3-9FB2-1FFCD819D48E}.Release|x64.Build.0 = Release|Any CPU
		{16E307B2-7717-4FC3-9FB2-1FFCD819D48E}.Release|x86.ActiveCfg = Release|Any CPU
		{16E307B2-7717-4FC3-9FB2-1FFCD819D48E}.Release|x86.Build.0 = Release|Any CPU
		{CC514E18-A09C-42A1-926A-6589B63B4511}.Debug|Any CPU.ActiveCfg = Debug|Any CPU
		{CC514E18-A09C-42A1-926A-6589B63B4511}.Debug|Any CPU.Build.0 = Debug|Any CPU
		{CC514E18-A09C-42A1-926A-6589B63B4511}.Debug|x64.ActiveCfg = Debug|Any CPU
		{CC514E18-A09C-42A1-926A-6589B63B4511}.Debug|x64.Build.0 = Debug|Any CPU
		{CC514E18-A09C-42A1-926A-6589B63B4511}.Debug|x86.ActiveCfg = Debug|Any CPU
		{CC514E18-A09C-42A1-926A-6589B63B4511}.Debug|x86.Build.0 = Debug|Any CPU
		{CC514E18-A09C-42A1-926A-6589B63B4511}.Release|Any CPU.ActiveCfg = Release|Any CPU
		{CC514E18-A09C-42A1-926A-6589B63B4511}.Release|Any CPU.Build.0 = Release|Any CPU
		{CC514E18-A09C-42A1-926A-6589B63B4511}.Release|x64.ActiveCfg = Release|Any CPU
		{CC514E18-A09C-42A1-926A-6589B63B4511}.Release|x64.Build.0 = Release|Any CPU
		{CC514E18-A09C-42A1-926A-6589B63B4511}.Release|x86.ActiveCfg = Release|Any CPU
		{CC514E18-A09C-42A1-926A-6589B63B4511}.Release|x86.Build.0 = Release|Any CPU
		{9225320E-1A6D-4AE2-AFF3-65A3B7943536}.Debug|Any CPU.ActiveCfg = Debug|Any CPU
		{9225320E-1A6D-4AE2-AFF3-65A3B7943536}.Debug|Any CPU.Build.0 = Debug|Any CPU
		{9225320E-1A6D-4AE2-AFF3-65A3B7943536}.Debug|x64.ActiveCfg = Debug|Any CPU
		{9225320E-1A6D-4AE2-AFF3-65A3B7943536}.Debug|x64.Build.0 = Debug|Any CPU
		{9225320E-1A6D-4AE2-AFF3-65A3B7943536}.Debug|x86.ActiveCfg = Debug|Any CPU
		{9225320E-1A6D-4AE2-AFF3-65A3B7943536}.Debug|x86.Build.0 = Debug|Any CPU
		{9225320E-1A6D-4AE2-AFF3-65A3B7943536}.Release|Any CPU.ActiveCfg = Release|Any CPU
		{9225320E-1A6D-4AE2-AFF3-65A3B7943536}.Release|Any CPU.Build.0 = Release|Any CPU
		{9225320E-1A6D-4AE2-AFF3-65A3B7943536}.Release|x64.ActiveCfg = Release|Any CPU
		{9225320E-1A6D-4AE2-AFF3-65A3B7943536}.Release|x64.Build.0 = Release|Any CPU
		{9225320E-1A6D-4AE2-AFF3-65A3B7943536}.Release|x86.ActiveCfg = Release|Any CPU
		{9225320E-1A6D-4AE2-AFF3-65A3B7943536}.Release|x86.Build.0 = Release|Any CPU
		{3C2038D4-D74E-4626-9830-267DB426C73B}.Debug|Any CPU.ActiveCfg = Debug|Any CPU
		{3C2038D4-D74E-4626-9830-267DB426C73B}.Debug|Any CPU.Build.0 = Debug|Any CPU
		{3C2038D4-D74E-4626-9830-267DB426C73B}.Debug|x64.ActiveCfg = Debug|Any CPU
		{3C2038D4-D74E-4626-9830-267DB426C73B}.Debug|x64.Build.0 = Debug|Any CPU
		{3C2038D4-D74E-4626-9830-267DB426C73B}.Debug|x86.ActiveCfg = Debug|Any CPU
		{3C2038D4-D74E-4626-9830-267DB426C73B}.Debug|x86.Build.0 = Debug|Any CPU
		{3C2038D4-D74E-4626-9830-267DB426C73B}.Release|Any CPU.ActiveCfg = Release|Any CPU
		{3C2038D4-D74E-4626-9830-267DB426C73B}.Release|Any CPU.Build.0 = Release|Any CPU
		{3C2038D4-D74E-4626-9830-267DB426C73B}.Release|x64.ActiveCfg = Release|Any CPU
		{3C2038D4-D74E-4626-9830-267DB426C73B}.Release|x64.Build.0 = Release|Any CPU
		{3C2038D4-D74E-4626-9830-267DB426C73B}.Release|x86.ActiveCfg = Release|Any CPU
		{3C2038D4-D74E-4626-9830-267DB426C73B}.Release|x86.Build.0 = Release|Any CPU
		{1F3F08A0-B974-496C-B954-F1FA0469A6FB}.Debug|Any CPU.ActiveCfg = Debug|Any CPU
		{1F3F08A0-B974-496C-B954-F1FA0469A6FB}.Debug|Any CPU.Build.0 = Debug|Any CPU
		{1F3F08A0-B974-496C-B954-F1FA0469A6FB}.Debug|x64.ActiveCfg = Debug|Any CPU
		{1F3F08A0-B974-496C-B954-F1FA0469A6FB}.Debug|x64.Build.0 = Debug|Any CPU
		{1F3F08A0-B974-496C-B954-F1FA0469A6FB}.Debug|x86.ActiveCfg = Debug|Any CPU
		{1F3F08A0-B974-496C-B954-F1FA0469A6FB}.Debug|x86.Build.0 = Debug|Any CPU
		{1F3F08A0-B974-496C-B954-F1FA0469A6FB}.Release|Any CPU.ActiveCfg = Release|Any CPU
		{1F3F08A0-B974-496C-B954-F1FA0469A6FB}.Release|Any CPU.Build.0 = Release|Any CPU
		{1F3F08A0-B974-496C-B954-F1FA0469A6FB}.Release|x64.ActiveCfg = Release|Any CPU
		{1F3F08A0-B974-496C-B954-F1FA0469A6FB}.Release|x64.Build.0 = Release|Any CPU
		{1F3F08A0-B974-496C-B954-F1FA0469A6FB}.Release|x86.ActiveCfg = Release|Any CPU
		{1F3F08A0-B974-496C-B954-F1FA0469A6FB}.Release|x86.Build.0 = Release|Any CPU
		{33B6A79A-A959-4CEC-9F5A-FA2F39983B81}.Debug|Any CPU.ActiveCfg = Debug|Any CPU
		{33B6A79A-A959-4CEC-9F5A-FA2F39983B81}.Debug|Any CPU.Build.0 = Debug|Any CPU
		{33B6A79A-A959-4CEC-9F5A-FA2F39983B81}.Debug|x64.ActiveCfg = Debug|Any CPU
		{33B6A79A-A959-4CEC-9F5A-FA2F39983B81}.Debug|x64.Build.0 = Debug|Any CPU
		{33B6A79A-A959-4CEC-9F5A-FA2F39983B81}.Debug|x86.ActiveCfg = Debug|Any CPU
		{33B6A79A-A959-4CEC-9F5A-FA2F39983B81}.Debug|x86.Build.0 = Debug|Any CPU
		{33B6A79A-A959-4CEC-9F5A-FA2F39983B81}.Release|Any CPU.ActiveCfg = Release|Any CPU
		{33B6A79A-A959-4CEC-9F5A-FA2F39983B81}.Release|Any CPU.Build.0 = Release|Any CPU
		{33B6A79A-A959-4CEC-9F5A-FA2F39983B81}.Release|x64.ActiveCfg = Release|Any CPU
		{33B6A79A-A959-4CEC-9F5A-FA2F39983B81}.Release|x64.Build.0 = Release|Any CPU
		{33B6A79A-A959-4CEC-9F5A-FA2F39983B81}.Release|x86.ActiveCfg = Release|Any CPU
		{33B6A79A-A959-4CEC-9F5A-FA2F39983B81}.Release|x86.Build.0 = Release|Any CPU
		{94295FA1-2526-45CD-8586-7571D10CCD9C}.Debug|Any CPU.ActiveCfg = Debug|Any CPU
		{94295FA1-2526-45CD-8586-7571D10CCD9C}.Debug|Any CPU.Build.0 = Debug|Any CPU
		{94295FA1-2526-45CD-8586-7571D10CCD9C}.Debug|x64.ActiveCfg = Debug|Any CPU
		{94295FA1-2526-45CD-8586-7571D10CCD9C}.Debug|x64.Build.0 = Debug|Any CPU
		{94295FA1-2526-45CD-8586-7571D10CCD9C}.Debug|x86.ActiveCfg = Debug|Any CPU
		{94295FA1-2526-45CD-8586-7571D10CCD9C}.Debug|x86.Build.0 = Debug|Any CPU
		{94295FA1-2526-45CD-8586-7571D10CCD9C}.Release|Any CPU.ActiveCfg = Release|Any CPU
		{94295FA1-2526-45CD-8586-7571D10CCD9C}.Release|Any CPU.Build.0 = Release|Any CPU
		{94295FA1-2526-45CD-8586-7571D10CCD9C}.Release|x64.ActiveCfg = Release|Any CPU
		{94295FA1-2526-45CD-8586-7571D10CCD9C}.Release|x64.Build.0 = Release|Any CPU
		{94295FA1-2526-45CD-8586-7571D10CCD9C}.Release|x86.ActiveCfg = Release|Any CPU
		{94295FA1-2526-45CD-8586-7571D10CCD9C}.Release|x86.Build.0 = Release|Any CPU
		{2633600C-737D-4B2C-B9E6-D46660014F50}.Debug|Any CPU.ActiveCfg = Debug|Any CPU
		{2633600C-737D-4B2C-B9E6-D46660014F50}.Debug|Any CPU.Build.0 = Debug|Any CPU
		{2633600C-737D-4B2C-B9E6-D46660014F50}.Debug|x64.ActiveCfg = Debug|Any CPU
		{2633600C-737D-4B2C-B9E6-D46660014F50}.Debug|x64.Build.0 = Debug|Any CPU
		{2633600C-737D-4B2C-B9E6-D46660014F50}.Debug|x86.ActiveCfg = Debug|Any CPU
		{2633600C-737D-4B2C-B9E6-D46660014F50}.Debug|x86.Build.0 = Debug|Any CPU
		{2633600C-737D-4B2C-B9E6-D46660014F50}.Release|Any CPU.ActiveCfg = Release|Any CPU
		{2633600C-737D-4B2C-B9E6-D46660014F50}.Release|Any CPU.Build.0 = Release|Any CPU
		{2633600C-737D-4B2C-B9E6-D46660014F50}.Release|x64.ActiveCfg = Release|Any CPU
		{2633600C-737D-4B2C-B9E6-D46660014F50}.Release|x64.Build.0 = Release|Any CPU
		{2633600C-737D-4B2C-B9E6-D46660014F50}.Release|x86.ActiveCfg = Release|Any CPU
		{2633600C-737D-4B2C-B9E6-D46660014F50}.Release|x86.Build.0 = Release|Any CPU
	EndGlobalSection
	GlobalSection(SolutionProperties) = preSolution
		HideSolutionNode = FALSE
	EndGlobalSection
	GlobalSection(NestedProjects) = preSolution
		{079A94BE-275D-4944-AC90-50093FA3BB23} = {827E0CD3-B72D-47B6-A68D-7590B98EB39B}
		{78507ACB-0ABB-428A-BFF0-346A6AF08957} = {827E0CD3-B72D-47B6-A68D-7590B98EB39B}
		{81B0F86D-7DAC-47F0-BFEA-D314EAAD1494} = {827E0CD3-B72D-47B6-A68D-7590B98EB39B}
		{16E307B2-7717-4FC3-9FB2-1FFCD819D48E} = {827E0CD3-B72D-47B6-A68D-7590B98EB39B}
		{CC514E18-A09C-42A1-926A-6589B63B4511} = {827E0CD3-B72D-47B6-A68D-7590B98EB39B}
		{9225320E-1A6D-4AE2-AFF3-65A3B7943536} = {0AB3BF05-4346-4AA6-1389-037BE0695223}
		{3C2038D4-D74E-4626-9830-267DB426C73B} = {0AB3BF05-4346-4AA6-1389-037BE0695223}
		{1F3F08A0-B974-496C-B954-F1FA0469A6FB} = {0AB3BF05-4346-4AA6-1389-037BE0695223}
		{C758EBF9-8BAE-00CC-2D4F-8BB514476281} = {0AB3BF05-4346-4AA6-1389-037BE0695223}
		{DC9EF446-DB8D-C5B8-D5EA-A5A0ADF7CA1C} = {C758EBF9-8BAE-00CC-2D4F-8BB514476281}
		{33B6A79A-A959-4CEC-9F5A-FA2F39983B81} = {DC9EF446-DB8D-C5B8-D5EA-A5A0ADF7CA1C}
		{94295FA1-2526-45CD-8586-7571D10CCD9C} = {DC9EF446-DB8D-C5B8-D5EA-A5A0ADF7CA1C}
		{2633600C-737D-4B2C-B9E6-D46660014F50} = {07C2787E-EAC7-C090-1BA3-A61EC2A24D84}
	EndGlobalSection
EndGlobal
